// !$*UTF8*$!
{
	archiveVersion = 1;
	classes = {
	};
	objectVersion = 46;
	objects = {

/* Begin PBXBuildFile section */
		ED52F122CEB74EEEA8FDDD56 /* libPods.a in Frameworks */ = {isa = PBXBuildFile; fileRef = 9511ADBB0EF646D090FE7590 /* libPods.a */; };
		EF80A60C17B6F0E200274D45 /* CLCookie.m in Sources */ = {isa = PBXBuildFile; fileRef = EF80A60B17B6F0E200274D45 /* CLCookie.m */; };
		EF80A60D17B6F0E200274D45 /* CLCookie.m in Sources */ = {isa = PBXBuildFile; fileRef = EF80A60B17B6F0E200274D45 /* CLCookie.m */; };
		EFCCFF9017B5FAA600814407 /* Foundation.framework in Frameworks */ = {isa = PBXBuildFile; fileRef = EFCCFF8F17B5FAA600814407 /* Foundation.framework */; };
		EFCCFF9217B5FAA600814407 /* CoreGraphics.framework in Frameworks */ = {isa = PBXBuildFile; fileRef = EFCCFF9117B5FAA600814407 /* CoreGraphics.framework */; };
		EFCCFF9417B5FAA600814407 /* UIKit.framework in Frameworks */ = {isa = PBXBuildFile; fileRef = EFCCFF9317B5FAA600814407 /* UIKit.framework */; };
		EFCCFF9A17B5FAA600814407 /* InfoPlist.strings in Resources */ = {isa = PBXBuildFile; fileRef = EFCCFF9817B5FAA600814407 /* InfoPlist.strings */; };
		EFCCFF9C17B5FAA600814407 /* main.m in Sources */ = {isa = PBXBuildFile; fileRef = EFCCFF9B17B5FAA600814407 /* main.m */; };
		EFCCFFA017B5FAA600814407 /* AppDelegate.m in Sources */ = {isa = PBXBuildFile; fileRef = EFCCFF9F17B5FAA600814407 /* AppDelegate.m */; };
		EFCCFFA317B5FAA600814407 /* Main.storyboard in Resources */ = {isa = PBXBuildFile; fileRef = EFCCFFA117B5FAA600814407 /* Main.storyboard */; };
		EFCCFFA617B5FAA600814407 /* CLViewController.m in Sources */ = {isa = PBXBuildFile; fileRef = EFCCFFA517B5FAA600814407 /* CLViewController.m */; };
		EFCCFFA817B5FAA600814407 /* Images.xcassets in Resources */ = {isa = PBXBuildFile; fileRef = EFCCFFA717B5FAA600814407 /* Images.xcassets */; };
		EFCCFFAF17B5FAA600814407 /* XCTest.framework in Frameworks */ = {isa = PBXBuildFile; fileRef = EFCCFFAE17B5FAA600814407 /* XCTest.framework */; };
		EFCCFFB017B5FAA600814407 /* Foundation.framework in Frameworks */ = {isa = PBXBuildFile; fileRef = EFCCFF8F17B5FAA600814407 /* Foundation.framework */; };
		EFCCFFB117B5FAA600814407 /* UIKit.framework in Frameworks */ = {isa = PBXBuildFile; fileRef = EFCCFF9317B5FAA600814407 /* UIKit.framework */; };
		EFCCFFB917B5FAA600814407 /* InfoPlist.strings in Resources */ = {isa = PBXBuildFile; fileRef = EFCCFFB717B5FAA600814407 /* InfoPlist.strings */; };
		EFCCFFBB17B5FAA600814407 /* Cookie_ListTests.m in Sources */ = {isa = PBXBuildFile; fileRef = EFCCFFBA17B5FAA600814407 /* Cookie_ListTests.m */; };
/* End PBXBuildFile section */

/* Begin PBXContainerItemProxy section */
		EFCCFFB217B5FAA600814407 /* PBXContainerItemProxy */ = {
			isa = PBXContainerItemProxy;
			containerPortal = EFCCFF8417B5FAA600814407 /* Project object */;
			proxyType = 1;
			remoteGlobalIDString = EFCCFF8B17B5FAA600814407;
			remoteInfo = "Cookie List";
		};
/* End PBXContainerItemProxy section */

/* Begin PBXFileReference section */
		9511ADBB0EF646D090FE7590 /* libPods.a */ = {isa = PBXFileReference; explicitFileType = archive.ar; includeInIndex = 0; path = libPods.a; sourceTree = BUILT_PRODUCTS_DIR; };
		D1827FFBF99740AE9BC72110 /* Pods.xcconfig */ = {isa = PBXFileReference; includeInIndex = 1; lastKnownFileType = text.xcconfig; name = Pods.xcconfig; path = Pods/Pods.xcconfig; sourceTree = SOURCE_ROOT; };
		EF80A60A17B6F0DE00274D45 /* CLCookie.h */ = {isa = PBXFileReference; fileEncoding = 4; lastKnownFileType = sourcecode.c.h; path = CLCookie.h; sourceTree = "<group>"; };
		EF80A60B17B6F0E200274D45 /* CLCookie.m */ = {isa = PBXFileReference; fileEncoding = 4; lastKnownFileType = sourcecode.c.objc; path = CLCookie.m; sourceTree = "<group>"; };
		EFCCFF8C17B5FAA600814407 /* Cookie List.app */ = {isa = PBXFileReference; explicitFileType = wrapper.application; includeInIndex = 0; path = "Cookie List.app"; sourceTree = BUILT_PRODUCTS_DIR; };
		EFCCFF8F17B5FAA600814407 /* Foundation.framework */ = {isa = PBXFileReference; lastKnownFileType = wrapper.framework; name = Foundation.framework; path = System/Library/Frameworks/Foundation.framework; sourceTree = SDKROOT; };
		EFCCFF9117B5FAA600814407 /* CoreGraphics.framework */ = {isa = PBXFileReference; lastKnownFileType = wrapper.framework; name = CoreGraphics.framework; path = System/Library/Frameworks/CoreGraphics.framework; sourceTree = SDKROOT; };
		EFCCFF9317B5FAA600814407 /* UIKit.framework */ = {isa = PBXFileReference; lastKnownFileType = wrapper.framework; name = UIKit.framework; path = System/Library/Frameworks/UIKit.framework; sourceTree = SDKROOT; };
		EFCCFF9717B5FAA600814407 /* Cookie List-Info.plist */ = {isa = PBXFileReference; lastKnownFileType = text.plist.xml; path = "Cookie List-Info.plist"; sourceTree = "<group>"; };
		EFCCFF9917B5FAA600814407 /* en */ = {isa = PBXFileReference; lastKnownFileType = text.plist.strings; name = en; path = en.lproj/InfoPlist.strings; sourceTree = "<group>"; };
		EFCCFF9B17B5FAA600814407 /* main.m */ = {isa = PBXFileReference; lastKnownFileType = sourcecode.c.objc; path = main.m; sourceTree = "<group>"; };
		EFCCFF9D17B5FAA600814407 /* Cookie List-Prefix.pch */ = {isa = PBXFileReference; lastKnownFileType = sourcecode.c.h; path = "Cookie List-Prefix.pch"; sourceTree = "<group>"; };
		EFCCFF9E17B5FAA600814407 /* AppDelegate.h */ = {isa = PBXFileReference; lastKnownFileType = sourcecode.c.h; path = AppDelegate.h; sourceTree = "<group>"; };
		EFCCFF9F17B5FAA600814407 /* AppDelegate.m */ = {isa = PBXFileReference; lastKnownFileType = sourcecode.c.objc; path = AppDelegate.m; sourceTree = "<group>"; };
		EFCCFFA217B5FAA600814407 /* Base */ = {isa = PBXFileReference; lastKnownFileType = file.storyboard; name = Base; path = Base.lproj/Main.storyboard; sourceTree = "<group>"; };
		EFCCFFA417B5FAA600814407 /* CLViewController.h */ = {isa = PBXFileReference; lastKnownFileType = sourcecode.c.h; path = CLViewController.h; sourceTree = "<group>"; };
		EFCCFFA517B5FAA600814407 /* CLViewController.m */ = {isa = PBXFileReference; lastKnownFileType = sourcecode.c.objc; path = CLViewController.m; sourceTree = "<group>"; };
		EFCCFFA717B5FAA600814407 /* Images.xcassets */ = {isa = PBXFileReference; lastKnownFileType = folder.assetcatalog; path = Images.xcassets; sourceTree = "<group>"; };
		EFCCFFAD17B5FAA600814407 /* Cookie ListTests.xctest */ = {isa = PBXFileReference; explicitFileType = wrapper.cfbundle; includeInIndex = 0; path = "Cookie ListTests.xctest"; sourceTree = BUILT_PRODUCTS_DIR; };
		EFCCFFAE17B5FAA600814407 /* XCTest.framework */ = {isa = PBXFileReference; lastKnownFileType = wrapper.framework; name = XCTest.framework; path = Library/Frameworks/XCTest.framework; sourceTree = DEVELOPER_DIR; };
		EFCCFFB617B5FAA600814407 /* Cookie ListTests-Info.plist */ = {isa = PBXFileReference; lastKnownFileType = text.plist.xml; path = "Cookie ListTests-Info.plist"; sourceTree = "<group>"; };
		EFCCFFB817B5FAA600814407 /* en */ = {isa = PBXFileReference; lastKnownFileType = text.plist.strings; name = en; path = en.lproj/InfoPlist.strings; sourceTree = "<group>"; };
		EFCCFFBA17B5FAA600814407 /* Cookie_ListTests.m */ = {isa = PBXFileReference; lastKnownFileType = sourcecode.c.objc; path = Cookie_ListTests.m; sourceTree = "<group>"; };
/* End PBXFileReference section */

/* Begin PBXFrameworksBuildPhase section */
		EFCCFF8917B5FAA600814407 /* Frameworks */ = {
			isa = PBXFrameworksBuildPhase;
			buildActionMask = 2147483647;
			files = (
				EFCCFF9217B5FAA600814407 /* CoreGraphics.framework in Frameworks */,
				EFCCFF9417B5FAA600814407 /* UIKit.framework in Frameworks */,
				EFCCFF9017B5FAA600814407 /* Foundation.framework in Frameworks */,
				ED52F122CEB74EEEA8FDDD56 /* libPods.a in Frameworks */,
			);
			runOnlyForDeploymentPostprocessing = 0;
		};
		EFCCFFAA17B5FAA600814407 /* Frameworks */ = {
			isa = PBXFrameworksBuildPhase;
			buildActionMask = 2147483647;
			files = (
				EFCCFFAF17B5FAA600814407 /* XCTest.framework in Frameworks */,
				EFCCFFB117B5FAA600814407 /* UIKit.framework in Frameworks */,
				EFCCFFB017B5FAA600814407 /* Foundation.framework in Frameworks */,
			);
			runOnlyForDeploymentPostprocessing = 0;
		};
/* End PBXFrameworksBuildPhase section */

/* Begin PBXGroup section */
		EFCCFF8317B5FAA600814407 = {
			isa = PBXGroup;
			children = (
				EFCCFF9517B5FAA600814407 /* Cookie List */,
				EFCCFFB417B5FAA600814407 /* Cookie ListTests */,
				EFCCFF8E17B5FAA600814407 /* Frameworks */,
				EFCCFF8D17B5FAA600814407 /* Products */,
				D1827FFBF99740AE9BC72110 /* Pods.xcconfig */,
			);
			sourceTree = "<group>";
		};
		EFCCFF8D17B5FAA600814407 /* Products */ = {
			isa = PBXGroup;
			children = (
				EFCCFF8C17B5FAA600814407 /* Cookie List.app */,
				EFCCFFAD17B5FAA600814407 /* Cookie ListTests.xctest */,
			);
			name = Products;
			sourceTree = "<group>";
		};
		EFCCFF8E17B5FAA600814407 /* Frameworks */ = {
			isa = PBXGroup;
			children = (
				EFCCFF8F17B5FAA600814407 /* Foundation.framework */,
				EFCCFF9117B5FAA600814407 /* CoreGraphics.framework */,
				EFCCFF9317B5FAA600814407 /* UIKit.framework */,
				EFCCFFAE17B5FAA600814407 /* XCTest.framework */,
				9511ADBB0EF646D090FE7590 /* libPods.a */,
			);
			name = Frameworks;
			sourceTree = "<group>";
		};
		EFCCFF9517B5FAA600814407 /* Cookie List */ = {
			isa = PBXGroup;
			children = (
				EF80A60A17B6F0DE00274D45 /* CLCookie.h */,
				EF80A60B17B6F0E200274D45 /* CLCookie.m */,
				EFCCFF9E17B5FAA600814407 /* AppDelegate.h */,
				EFCCFF9F17B5FAA600814407 /* AppDelegate.m */,
				EFCCFFA117B5FAA600814407 /* Main.storyboard */,
				EFCCFFA417B5FAA600814407 /* CLViewController.h */,
				EFCCFFA517B5FAA600814407 /* CLViewController.m */,
				EFCCFFA717B5FAA600814407 /* Images.xcassets */,
				EFCCFF9617B5FAA600814407 /* Supporting Files */,
			);
			path = "Cookie List";
			sourceTree = "<group>";
		};
		EFCCFF9617B5FAA600814407 /* Supporting Files */ = {
			isa = PBXGroup;
			children = (
				EFCCFF9717B5FAA600814407 /* Cookie List-Info.plist */,
				EFCCFF9817B5FAA600814407 /* InfoPlist.strings */,
				EFCCFF9B17B5FAA600814407 /* main.m */,
				EFCCFF9D17B5FAA600814407 /* Cookie List-Prefix.pch */,
			);
			name = "Supporting Files";
			sourceTree = "<group>";
		};
		EFCCFFB417B5FAA600814407 /* Cookie ListTests */ = {
			isa = PBXGroup;
			children = (
				EFCCFFBA17B5FAA600814407 /* Cookie_ListTests.m */,
				EFCCFFB517B5FAA600814407 /* Supporting Files */,
			);
			path = "Cookie ListTests";
			sourceTree = "<group>";
		};
		EFCCFFB517B5FAA600814407 /* Supporting Files */ = {
			isa = PBXGroup;
			children = (
				EFCCFFB617B5FAA600814407 /* Cookie ListTests-Info.plist */,
				EFCCFFB717B5FAA600814407 /* InfoPlist.strings */,
			);
			name = "Supporting Files";
			sourceTree = "<group>";
		};
/* End PBXGroup section */

/* Begin PBXNativeTarget section */
		EFCCFF8B17B5FAA600814407 /* Cookie List */ = {
			isa = PBXNativeTarget;
			buildConfigurationList = EFCCFFBE17B5FAA600814407 /* Build configuration list for PBXNativeTarget "Cookie List" */;
			buildPhases = (
				FDF215677D5F4CA1B8419EB3 /* Check Pods Manifest.lock */,
				EFCCFF8817B5FAA600814407 /* Sources */,
				EFCCFF8917B5FAA600814407 /* Frameworks */,
				EFCCFF8A17B5FAA600814407 /* Resources */,
				52445F75C5DB49E99450BA45 /* Copy Pods Resources */,
			);
			buildRules = (
			);
			dependencies = (
			);
			name = "Cookie List";
			productName = "Cookie List";
			productReference = EFCCFF8C17B5FAA600814407 /* Cookie List.app */;
			productType = "com.apple.product-type.application";
		};
		EFCCFFAC17B5FAA600814407 /* Cookie ListTests */ = {
			isa = PBXNativeTarget;
			buildConfigurationList = EFCCFFC117B5FAA600814407 /* Build configuration list for PBXNativeTarget "Cookie ListTests" */;
			buildPhases = (
				EFCCFFA917B5FAA600814407 /* Sources */,
				EFCCFFAA17B5FAA600814407 /* Frameworks */,
				EFCCFFAB17B5FAA600814407 /* Resources */,
			);
			buildRules = (
			);
			dependencies = (
				EFCCFFB317B5FAA600814407 /* PBXTargetDependency */,
			);
			name = "Cookie ListTests";
			productName = "Cookie ListTests";
			productReference = EFCCFFAD17B5FAA600814407 /* Cookie ListTests.xctest */;
			productType = "com.apple.product-type.bundle.unit-test";
		};
/* End PBXNativeTarget section */

/* Begin PBXProject section */
		EFCCFF8417B5FAA600814407 /* Project object */ = {
			isa = PBXProject;
			attributes = {
				LastUpgradeCheck = 0500;
				ORGANIZATIONNAME = "Code Fellows";
				TargetAttributes = {
					EFCCFFAC17B5FAA600814407 = {
						TestTargetID = EFCCFF8B17B5FAA600814407;
					};
				};
			};
			buildConfigurationList = EFCCFF8717B5FAA600814407 /* Build configuration list for PBXProject "Cookie List" */;
			compatibilityVersion = "Xcode 3.2";
			developmentRegion = English;
			hasScannedForEncodings = 0;
			knownRegions = (
				en,
				Base,
			);
			mainGroup = EFCCFF8317B5FAA600814407;
			productRefGroup = EFCCFF8D17B5FAA600814407 /* Products */;
			projectDirPath = "";
			projectRoot = "";
			targets = (
				EFCCFF8B17B5FAA600814407 /* Cookie List */,
				EFCCFFAC17B5FAA600814407 /* Cookie ListTests */,
			);
		};
/* End PBXProject section */

/* Begin PBXResourcesBuildPhase section */
		EFCCFF8A17B5FAA600814407 /* Resources */ = {
			isa = PBXResourcesBuildPhase;
			buildActionMask = 2147483647;
			files = (
				EFCCFFA817B5FAA600814407 /* Images.xcassets in Resources */,
				EFCCFF9A17B5FAA600814407 /* InfoPlist.strings in Resources */,
				EFCCFFA317B5FAA600814407 /* Main.storyboard in Resources */,
			);
			runOnlyForDeploymentPostprocessing = 0;
		};
		EFCCFFAB17B5FAA600814407 /* Resources */ = {
			isa = PBXResourcesBuildPhase;
			buildActionMask = 2147483647;
			files = (
				EFCCFFB917B5FAA600814407 /* InfoPlist.strings in Resources */,
			);
			runOnlyForDeploymentPostprocessing = 0;
		};
/* End PBXResourcesBuildPhase section */

/* Begin PBXShellScriptBuildPhase section */
		52445F75C5DB49E99450BA45 /* Copy Pods Resources */ = {
			isa = PBXShellScriptBuildPhase;
			buildActionMask = 2147483647;
			files = (
			);
			inputPaths = (
			);
			name = "Copy Pods Resources";
			outputPaths = (
			);
			runOnlyForDeploymentPostprocessing = 0;
			shellPath = /bin/sh;
			shellScript = "\"${SRCROOT}/Pods/Pods-resources.sh\"\n";
		};
		FDF215677D5F4CA1B8419EB3 /* Check Pods Manifest.lock */ = {
			isa = PBXShellScriptBuildPhase;
			buildActionMask = 2147483647;
			files = (
			);
			inputPaths = (
			);
			name = "Check Pods Manifest.lock";
			outputPaths = (
			);
			runOnlyForDeploymentPostprocessing = 0;
			shellPath = /bin/sh;
			shellScript = "diff \"${PODS_ROOT}/../Podfile.lock\" \"${PODS_ROOT}/Manifest.lock\" > /dev/null\nif [[ $? != 0 ]] ; then\n    cat << EOM\nerror: The sandbox is not in sync with the Podfile.lock. Run 'pod install' or update your CocoaPods installation.\nEOM\n    exit 1\nfi\n";
		};
/* End PBXShellScriptBuildPhase section */

/* Begin PBXSourcesBuildPhase section */
		EFCCFF8817B5FAA600814407 /* Sources */ = {
			isa = PBXSourcesBuildPhase;
			buildActionMask = 2147483647;
			files = (
				EFCCFFA617B5FAA600814407 /* CLViewController.m in Sources */,
				EFCCFFA017B5FAA600814407 /* AppDelegate.m in Sources */,
				EF80A60C17B6F0E200274D45 /* CLCookie.m in Sources */,
				EFCCFF9C17B5FAA600814407 /* main.m in Sources */,
			);
			runOnlyForDeploymentPostprocessing = 0;
		};
		EFCCFFA917B5FAA600814407 /* Sources */ = {
			isa = PBXSourcesBuildPhase;
			buildActionMask = 2147483647;
			files = (
				EF80A60D17B6F0E200274D45 /* CLCookie.m in Sources */,
				EFCCFFBB17B5FAA600814407 /* Cookie_ListTests.m in Sources */,
			);
			runOnlyForDeploymentPostprocessing = 0;
		};
/* End PBXSourcesBuildPhase section */

/* Begin PBXTargetDependency section */
		EFCCFFB317B5FAA600814407 /* PBXTargetDependency */ = {
			isa = PBXTargetDependency;
			target = EFCCFF8B17B5FAA600814407 /* Cookie List */;
			targetProxy = EFCCFFB217B5FAA600814407 /* PBXContainerItemProxy */;
		};
/* End PBXTargetDependency section */

/* Begin PBXVariantGroup section */
		EFCCFF9817B5FAA600814407 /* InfoPlist.strings */ = {
			isa = PBXVariantGroup;
			children = (
				EFCCFF9917B5FAA600814407 /* en */,
			);
			name = InfoPlist.strings;
			sourceTree = "<group>";
		};
		EFCCFFA117B5FAA600814407 /* Main.storyboard */ = {
			isa = PBXVariantGroup;
			children = (
				EFCCFFA217B5FAA600814407 /* Base */,
			);
			name = Main.storyboard;
			sourceTree = "<group>";
		};
		EFCCFFB717B5FAA600814407 /* InfoPlist.strings */ = {
			isa = PBXVariantGroup;
			children = (
				EFCCFFB817B5FAA600814407 /* en */,
			);
			name = InfoPlist.strings;
			sourceTree = "<group>";
		};
/* End PBXVariantGroup section */

/* Begin XCBuildConfiguration section */
		EFCCFFBC17B5FAA600814407 /* Debug */ = {
			isa = XCBuildConfiguration;
			buildSettings = {
				ALWAYS_SEARCH_USER_PATHS = NO;
				CLANG_CXX_LANGUAGE_STANDARD = "gnu++0x";
				CLANG_CXX_LIBRARY = "libc++";
				CLANG_ENABLE_MODULES = YES;
				CLANG_ENABLE_OBJC_ARC = YES;
				CLANG_WARN_BOOL_CONVERSION = YES;
				CLANG_WARN_CONSTANT_CONVERSION = YES;
				CLANG_WARN_DIRECT_OBJC_ISA_USAGE = YES_ERROR;
				CLANG_WARN_EMPTY_BODY = YES;
				CLANG_WARN_ENUM_CONVERSION = YES;
				CLANG_WARN_INT_CONVERSION = YES;
				CLANG_WARN_OBJC_ROOT_CLASS = YES_ERROR;
				CLANG_WARN__DUPLICATE_METHOD_MATCH = YES;
				"CODE_SIGN_IDENTITY[sdk=iphoneos*]" = "iPhone Developer";
				COPY_PHASE_STRIP = NO;
				GCC_C_LANGUAGE_STANDARD = gnu99;
				GCC_DYNAMIC_NO_PIC = NO;
				GCC_OPTIMIZATION_LEVEL = 0;
				GCC_PREPROCESSOR_DEFINITIONS = (
					"DEBUG=1",
					"$(inherited)",
				);
				GCC_SYMBOLS_PRIVATE_EXTERN = NO;
				GCC_WARN_ABOUT_RETURN_TYPE = YES_ERROR;
				GCC_WARN_UNDECLARED_SELECTOR = YES;
				GCC_WARN_UNINITIALIZED_AUTOS = YES;
				GCC_WARN_UNUSED_FUNCTION = YES;
				GCC_WARN_UNUSED_VARIABLE = YES;
				IPHONEOS_DEPLOYMENT_TARGET = 7.0;
				ONLY_ACTIVE_ARCH = YES;
				SDKROOT = iphoneos;
			};
			name = Debug;
		};
		EFCCFFBD17B5FAA600814407 /* Release */ = {
			isa = XCBuildConfiguration;
			buildSettings = {
				ALWAYS_SEARCH_USER_PATHS = NO;
				CLANG_CXX_LANGUAGE_STANDARD = "gnu++0x";
				CLANG_CXX_LIBRARY = "libc++";
				CLANG_ENABLE_MODULES = YES;
				CLANG_ENABLE_OBJC_ARC = YES;
				CLANG_WARN_BOOL_CONVERSION = YES;
				CLANG_WARN_CONSTANT_CONVERSION = YES;
				CLANG_WARN_DIRECT_OBJC_ISA_USAGE = YES_ERROR;
				CLANG_WARN_EMPTY_BODY = YES;
				CLANG_WARN_ENUM_CONVERSION = YES;
				CLANG_WARN_INT_CONVERSION = YES;
				CLANG_WARN_OBJC_ROOT_CLASS = YES_ERROR;
				CLANG_WARN__DUPLICATE_METHOD_MATCH = YES;
				"CODE_SIGN_IDENTITY[sdk=iphoneos*]" = "iPhone Developer";
				COPY_PHASE_STRIP = YES;
				ENABLE_NS_ASSERTIONS = NO;
				GCC_C_LANGUAGE_STANDARD = gnu99;
				GCC_WARN_ABOUT_RETURN_TYPE = YES_ERROR;
				GCC_WARN_UNDECLARED_SELECTOR = YES;
				GCC_WARN_UNINITIALIZED_AUTOS = YES;
				GCC_WARN_UNUSED_FUNCTION = YES;
				GCC_WARN_UNUSED_VARIABLE = YES;
				IPHONEOS_DEPLOYMENT_TARGET = 7.0;
				SDKROOT = iphoneos;
				VALIDATE_PRODUCT = YES;
			};
			name = Release;
		};
		EFCCFFBF17B5FAA600814407 /* Debug */ = {
			isa = XCBuildConfiguration;
			baseConfigurationReference = D1827FFBF99740AE9BC72110 /* Pods.xcconfig */;
			buildSettings = {
				ASSETCATALOG_COMPILER_APPICON_NAME = AppIcon;
				ASSETCATALOG_COMPILER_LAUNCHIMAGE_NAME = LaunchImage;
				GCC_PRECOMPILE_PREFIX_HEADER = YES;
				GCC_PREFIX_HEADER = "Cookie List/Cookie List-Prefix.pch";
				INFOPLIST_FILE = "Cookie List/Cookie List-Info.plist";
				PRODUCT_NAME = "$(TARGET_NAME)";
				WRAPPER_EXTENSION = app;
			};
			name = Debug;
		};
		EFCCFFC017B5FAA600814407 /* Release */ = {
			isa = XCBuildConfiguration;
			baseConfigurationReference = D1827FFBF99740AE9BC72110 /* Pods.xcconfig */;
			buildSettings = {
				ASSETCATALOG_COMPILER_APPICON_NAME = AppIcon;
				ASSETCATALOG_COMPILER_LAUNCHIMAGE_NAME = LaunchImage;
				GCC_PRECOMPILE_PREFIX_HEADER = YES;
				GCC_PREFIX_HEADER = "Cookie List/Cookie List-Prefix.pch";
				INFOPLIST_FILE = "Cookie List/Cookie List-Info.plist";
				PRODUCT_NAME = "$(TARGET_NAME)";
				WRAPPER_EXTENSION = app;
			};
			name = Release;
		};
		EFCCFFC217B5FAA600814407 /* Debug */ = {
			isa = XCBuildConfiguration;
			buildSettings = {
				BUNDLE_LOADER = "$(BUILT_PRODUCTS_DIR)/Cookie List.app/Cookie List";
				FRAMEWORK_SEARCH_PATHS = (
					"$(SDKROOT)/Developer/Library/Frameworks",
					"$(inherited)",
					"$(DEVELOPER_FRAMEWORKS_DIR)",
				);
				GCC_PRECOMPILE_PREFIX_HEADER = YES;
				GCC_PREFIX_HEADER = "Cookie List/Cookie List-Prefix.pch";
				GCC_PREPROCESSOR_DEFINITIONS = (
					"DEBUG=1",
					"$(inherited)",
				);
				INFOPLIST_FILE = "Cookie ListTests/Cookie ListTests-Info.plist";
				PRODUCT_NAME = "$(TARGET_NAME)";
				TEST_HOST = "$(BUNDLE_LOADER)";
				WRAPPER_EXTENSION = xctest;
			};
			name = Debug;
		};
		EFCCFFC317B5FAA600814407 /* Release */ = {
			isa = XCBuildConfiguration;
			buildSettings = {
				BUNDLE_LOADER = "$(BUILT_PRODUCTS_DIR)/Cookie List.app/Cookie List";
				FRAMEWORK_SEARCH_PATHS = (
					"$(SDKROOT)/Developer/Library/Frameworks",
					"$(inherited)",
					"$(DEVELOPER_FRAMEWORKS_DIR)",
				);
				GCC_PRECOMPILE_PREFIX_HEADER = YES;
				GCC_PREFIX_HEADER = "Cookie List/Cookie List-Prefix.pch";
				INFOPLIST_FILE = "Cookie ListTests/Cookie ListTests-Info.plist";
				PRODUCT_NAME = "$(TARGET_NAME)";
				TEST_HOST = "$(BUNDLE_LOADER)";
				WRAPPER_EXTENSION = xctest;
			};
			name = Release;
		};
/* End XCBuildConfiguration section */

/* Begin XCConfigurationList section */
		EFCCFF8717B5FAA600814407 /* Build configuration list for PBXProject "Cookie List" */ = {
			isa = XCConfigurationList;
			buildConfigurations = (
				EFCCFFBC17B5FAA600814407 /* Debug */,
				EFCCFFBD17B5FAA600814407 /* Release */,
			);
			defaultConfigurationIsVisible = 0;
			defaultConfigurationName = Release;
		};
		EFCCFFBE17B5FAA600814407 /* Build configuration list for PBXNativeTarget "Cookie List" */ = {
			isa = XCConfigurationList;
			buildConfigurations = (
				EFCCFFBF17B5FAA600814407 /* Debug */,
				EFCCFFC017B5FAA600814407 /* Release */,
			);
			defaultConfigurationIsVisible = 0;
			defaultConfigurationName = Release;
		};
		EFCCFFC117B5FAA600814407 /* Build configuration list for PBXNativeTarget "Cookie ListTests" */ = {
			isa = XCConfigurationList;
			buildConfigurations = (
				EFCCFFC217B5FAA600814407 /* Debug */,
				EFCCFFC317B5FAA600814407 /* Release */,
			);
			defaultConfigurationIsVisible = 0;
			defaultConfigurationName = Release;
		};
/* End XCConfigurationList section */
	};
	rootObject = EFCCFF8417B5FAA600814407 /* Project object */;
}
